
Microsoft Visual Studio Solution File, Format Version 12.00
# Visual Studio Version 16
VisualStudioVersion = 16.0.30309.148
MinimumVisualStudioVersion = 10.0.40219.1
Project("{8BC9CEB8-8B4A-11D0-8D11-00A0C91BC942}") = "TCPServer", "TCPServer.vcxproj", "{90CBE4E1-07B3-402D-98D8-0EDA233EBDAF}"
EndProject
Global
	GlobalSection(SolutionConfigurationPlatforms) = preSolution
		Debug|x64 = Debug|x64
		Debug|x86 = Debug|x86
		Release|x64 = Release|x64
		Release|x86 = Release|x86
	EndGlobalSection
	GlobalSection(ProjectConfigurationPlatforms) = postSolution
		{90CBE4E1-07B3-402D-98D8-0EDA233EBDAF}.Debug|x64.ActiveCfg = Debug|x64
		{90CBE4E1-07B3-402D-98D8-0EDA233EBDAF}.Debug|x64.Build.0 = Debug|x64
		{90CBE4E1-07B3-402D-98D8-0EDA233EBDAF}.Debug|x86.ActiveCfg = Debug|Win32
		{90CBE4E1-07B3-402D-98D8-0EDA233EBDAF}.Debug|x86.Build.0 = Debug|Win32
		{90CBE4E1-07B3-402D-98D8-0EDA233EBDAF}.Release|x64.ActiveCfg = Release|x64
		{90CBE4E1-07B3-402D-98D8-0EDA233EBDAF}.Release|x64.Build.0 = Release|x64
		{90CBE4E1-07B3-402D-98D8-0EDA233EBDAF}.Release|x86.ActiveCfg = Release|Win32
		{90CBE4E1-07B3-402D-98D8-0EDA233EBDAF}.Release|x86.Build.0 = Release|Win32
	EndGlobalSection
	GlobalSection(SolutionProperties) = preSolution
		HideSolutionNode = FALSE
	EndGlobalSection
	GlobalSection(ExtensibilityGlobals) = postSolution
		SolutionGuid = {CD742117-8E53-4CFC-9723-9B36AD2A4532}
	EndGlobalSection
EndGlobal
